
Microsoft Visual Studio Solution File, Format Version 12.00
# Visual Studio 15
VisualStudioVersion = 15.0.27604.0
MinimumVisualStudioVersion = 10.0.40219.1
Project("{FAE04EC0-301F-11D3-BF4B-00C04F79EFBC}") = "TrinityEngine", "TrinityEngine.csproj", "{C0DB55B3-05CD-4B33-80CD-BB104D157707}"
EndProject
Project("{2150E333-8FDC-42A3-9474-1A3956D46DE8}") = "Examples", "Examples", "{32EA2B81-D04B-42AA-9C91-88B5CF42F735}"
EndProject
Project("{2150E333-8FDC-42A3-9474-1A3956D46DE8}") = "Engine", "Engine", "{351D48AF-95B3-4C1A-A75F-1C9117BBB5BE}"
EndProject
Project("{FAE04EC0-301F-11D3-BF4B-00C04F79EFBC}") = "Example1Simple", "..\..\Examples\Example1Simple\Example1Simple.csproj", "{5B806C27-F46D-499B-BDF5-41F029412C2D}"
EndProject
Project("{FAE04EC0-301F-11D3-BF4B-00C04F79EFBC}") = "TrinityHAL", "..\TrinityHAL\TrinityHAL.csproj", "{1E0DDF51-D3FA-45FC-BE5E-1E73261C979F}"
EndProject
Project("{2150E333-8FDC-42A3-9474-1A3956D46DE8}") = "HALS", "HALS", "{E0F86998-6E33-42FA-9BF6-59A57DCBD9D3}"
EndProject
Project("{FAE04EC0-301F-11D3-BF4B-00C04F79EFBC}") = "HALDirectX12", "HAL\HALDirectX12\HALDirectX12.csproj", "{779986E2-2C7C-4E0B-8438-6F1C7FF2D30E}"
EndProject
Global
	GlobalSection(SolutionConfigurationPlatforms) = preSolution
		Debug|Any CPU = Debug|Any CPU
		Release|Any CPU = Release|Any CPU
	EndGlobalSection
	GlobalSection(ProjectConfigurationPlatforms) = postSolution
		{C0DB55B3-05CD-4B33-80CD-BB104D157707}.Debug|Any CPU.ActiveCfg = Debug|Any CPU
		{C0DB55B3-05CD-4B33-80CD-BB104D157707}.Debug|Any CPU.Build.0 = Debug|Any CPU
		{C0DB55B3-05CD-4B33-80CD-BB104D157707}.Release|Any CPU.ActiveCfg = Release|Any CPU
		{C0DB55B3-05CD-4B33-80CD-BB104D157707}.Release|Any CPU.Build.0 = Release|Any CPU
		{5B806C27-F46D-499B-BDF5-41F029412C2D}.Debug|Any CPU.ActiveCfg = Debug|Any CPU
		{5B806C27-F46D-499B-BDF5-41F029412C2D}.Debug|Any CPU.Build.0 = Debug|Any CPU
		{5B806C27-F46D-499B-BDF5-41F029412C2D}.Release|Any CPU.ActiveCfg = Release|Any CPU
		{5B806C27-F46D-499B-BDF5-41F029412C2D}.Release|Any CPU.Build.0 = Release|Any CPU
		{1E0DDF51-D3FA-45FC-BE5E-1E73261C979F}.Debug|Any CPU.ActiveCfg = Debug|Any CPU
		{1E0DDF51-D3FA-45FC-BE5E-1E73261C979F}.Debug|Any CPU.Build.0 = Debug|Any CPU
		{1E0DDF51-D3FA-45FC-BE5E-1E73261C979F}.Release|Any CPU.ActiveCfg = Release|Any CPU
		{1E0DDF51-D3FA-45FC-BE5E-1E73261C979F}.Release|Any CPU.Build.0 = Release|Any CPU
		{779986E2-2C7C-4E0B-8438-6F1C7FF2D30E}.Debug|Any CPU.ActiveCfg = Debug|Any CPU
		{779986E2-2C7C-4E0B-8438-6F1C7FF2D30E}.Debug|Any CPU.Build.0 = Debug|Any CPU
		{779986E2-2C7C-4E0B-8438-6F1C7FF2D30E}.Release|Any CPU.ActiveCfg = Release|Any CPU
		{779986E2-2C7C-4E0B-8438-6F1C7FF2D30E}.Release|Any CPU.Build.0 = Release|Any CPU
	EndGlobalSection
	GlobalSection(SolutionProperties) = preSolution
		HideSolutionNode = FALSE
	EndGlobalSection
	GlobalSection(NestedProjects) = preSolution
		{C0DB55B3-05CD-4B33-80CD-BB104D157707} = {351D48AF-95B3-4C1A-A75F-1C9117BBB5BE}
		{5B806C27-F46D-499B-BDF5-41F029412C2D} = {32EA2B81-D04B-42AA-9C91-88B5CF42F735}
		{1E0DDF51-D3FA-45FC-BE5E-1E73261C979F} = {351D48AF-95B3-4C1A-A75F-1C9117BBB5BE}
		{E0F86998-6E33-42FA-9BF6-59A57DCBD9D3} = {351D48AF-95B3-4C1A-A75F-1C9117BBB5BE}
		{779986E2-2C7C-4E0B-8438-6F1C7FF2D30E} = {E0F86998-6E33-42FA-9BF6-59A57DCBD9D3}
	EndGlobalSection
	GlobalSection(ExtensibilityGlobals) = postSolution
		SolutionGuid = {7759BE0A-610D-408C-BD0D-489DD500F2BF}
	EndGlobalSection
EndGlobal
